
Microsoft Visual Studio Solution File, Format Version 12.00
# Visual Studio Version 17
VisualStudioVersion = 17.6.33801.468
MinimumVisualStudioVersion = 10.0.40219.1
Project("{8BC9CEB8-8B4A-11D0-8D11-00A0C91BC942}") = "lesson8_2", "lesson8_2.vcxproj", "{80CD5532-7A24-43A7-953E-CA5B965071DA}"
EndProject
Global
	GlobalSection(SolutionConfigurationPlatforms) = preSolution
		Debug|x64 = Debug|x64
		Debug|x86 = Debug|x86
		Release|x64 = Release|x64
		Release|x86 = Release|x86
	EndGlobalSection
	GlobalSection(ProjectConfigurationPlatforms) = postSolution
		{80CD5532-7A24-43A7-953E-CA5B965071DA}.Debug|x64.ActiveCfg = Debug|x64
		{80CD5532-7A24-43A7-953E-CA5B965071DA}.Debug|x64.Build.0 = Debug|x64
		{80CD5532-7A24-43A7-953E-CA5B965071DA}.Debug|x86.ActiveCfg = Debug|Win32
		{80CD5532-7A24-43A7-953E-CA5B965071DA}.Debug|x86.Build.0 = Debug|Win32
		{80CD5532-7A24-43A7-953E-CA5B965071DA}.Release|x64.ActiveCfg = Release|x64
		{80CD5532-7A24-43A7-953E-CA5B965071DA}.Release|x64.Build.0 = Release|x64
		{80CD5532-7A24-43A7-953E-CA5B965071DA}.Release|x86.ActiveCfg = Release|Win32
		{80CD5532-7A24-43A7-953E-CA5B965071DA}.Release|x86.Build.0 = Release|Win32
	EndGlobalSection
	GlobalSection(SolutionProperties) = preSolution
		HideSolutionNode = FALSE
	EndGlobalSection
	GlobalSection(ExtensibilityGlobals) = postSolution
		SolutionGuid = {E3F8E327-EA13-471C-8A45-17E4BE5E198D}
	EndGlobalSection
EndGlobal
