
Microsoft Visual Studio Solution File, Format Version 12.00
# Visual Studio Version 17
VisualStudioVersion = 17.6.33801.468
MinimumVisualStudioVersion = 10.0.40219.1
Project("{8BC9CEB8-8B4A-11D0-8D11-00A0C91BC942}") = "lesson4_1", "lesson4_1.vcxproj", "{C3EAD1BA-A55C-4530-8A99-085EB3C37272}"
EndProject
Global
	GlobalSection(SolutionConfigurationPlatforms) = preSolution
		Debug|x64 = Debug|x64
		Debug|x86 = Debug|x86
		Release|x64 = Release|x64
		Release|x86 = Release|x86
	EndGlobalSection
	GlobalSection(ProjectConfigurationPlatforms) = postSolution
		{C3EAD1BA-A55C-4530-8A99-085EB3C37272}.Debug|x64.ActiveCfg = Debug|x64
		{C3EAD1BA-A55C-4530-8A99-085EB3C37272}.Debug|x64.Build.0 = Debug|x64
		{C3EAD1BA-A55C-4530-8A99-085EB3C37272}.Debug|x86.ActiveCfg = Debug|Win32
		{C3EAD1BA-A55C-4530-8A99-085EB3C37272}.Debug|x86.Build.0 = Debug|Win32
		{C3EAD1BA-A55C-4530-8A99-085EB3C37272}.Release|x64.ActiveCfg = Release|x64
		{C3EAD1BA-A55C-4530-8A99-085EB3C37272}.Release|x64.Build.0 = Release|x64
		{C3EAD1BA-A55C-4530-8A99-085EB3C37272}.Release|x86.ActiveCfg = Release|Win32
		{C3EAD1BA-A55C-4530-8A99-085EB3C37272}.Release|x86.Build.0 = Release|Win32
	EndGlobalSection
	GlobalSection(SolutionProperties) = preSolution
		HideSolutionNode = FALSE
	EndGlobalSection
	GlobalSection(ExtensibilityGlobals) = postSolution
		SolutionGuid = {9BF9DDFF-7DAF-489B-AFDD-E0A56115C46B}
	EndGlobalSection
EndGlobal
