
Microsoft Visual Studio Solution File, Format Version 12.00
# Visual Studio Version 17
VisualStudioVersion = 17.6.33801.468
MinimumVisualStudioVersion = 10.0.40219.1
Project("{8BC9CEB8-8B4A-11D0-8D11-00A0C91BC942}") = "lesson10_2", "lesson10_2.vcxproj", "{3E0B08CA-6A2B-4809-9F76-52060181CF0C}"
EndProject
Global
	GlobalSection(SolutionConfigurationPlatforms) = preSolution
		Debug|x64 = Debug|x64
		Debug|x86 = Debug|x86
		Release|x64 = Release|x64
		Release|x86 = Release|x86
	EndGlobalSection
	GlobalSection(ProjectConfigurationPlatforms) = postSolution
		{3E0B08CA-6A2B-4809-9F76-52060181CF0C}.Debug|x64.ActiveCfg = Debug|x64
		{3E0B08CA-6A2B-4809-9F76-52060181CF0C}.Debug|x64.Build.0 = Debug|x64
		{3E0B08CA-6A2B-4809-9F76-52060181CF0C}.Debug|x86.ActiveCfg = Debug|Win32
		{3E0B08CA-6A2B-4809-9F76-52060181CF0C}.Debug|x86.Build.0 = Debug|Win32
		{3E0B08CA-6A2B-4809-9F76-52060181CF0C}.Release|x64.ActiveCfg = Release|x64
		{3E0B08CA-6A2B-4809-9F76-52060181CF0C}.Release|x64.Build.0 = Release|x64
		{3E0B08CA-6A2B-4809-9F76-52060181CF0C}.Release|x86.ActiveCfg = Release|Win32
		{3E0B08CA-6A2B-4809-9F76-52060181CF0C}.Release|x86.Build.0 = Release|Win32
	EndGlobalSection
	GlobalSection(SolutionProperties) = preSolution
		HideSolutionNode = FALSE
	EndGlobalSection
	GlobalSection(ExtensibilityGlobals) = postSolution
		SolutionGuid = {C68AD67E-85C8-474A-9706-4B1392B4F2A2}
	EndGlobalSection
EndGlobal
